// !$*UTF8*$!
{
	archiveVersion = 1;
	classes = {
	};
	objectVersion = 46;
	objects = {

/* Begin PBXBuildFile section */
		7682570F1D6775A1001BB570 /* apiClient.swift in Sources */ = {isa = PBXBuildFile; fileRef = 7682570E1D6775A1001BB570 /* apiClient.swift */; };
		76F9F40F1D572D6D005701FF /* main.swift in Sources */ = {isa = PBXBuildFile; fileRef = 76F9F40E1D572D6D005701FF /* main.swift */; };
		76F9F4191D572D9E005701FF /* extensions.swift in Sources */ = {isa = PBXBuildFile; fileRef = 76F9F4151D572D9E005701FF /* extensions.swift */; };
		76F9F41A1D572D9E005701FF /* elasticsearch.swift in Sources */ = {isa = PBXBuildFile; fileRef = 76F9F4161D572D9E005701FF /* elasticsearch.swift */; };
		76F9F41B1D572D9E005701FF /* utility.swift in Sources */ = {isa = PBXBuildFile; fileRef = 76F9F4171D572D9E005701FF /* utility.swift */; };
		76F9F41C1D572D9E005701FF /* transport.swift in Sources */ = {isa = PBXBuildFile; fileRef = 76F9F4181D572D9E005701FF /* transport.swift */; };
		76F9F41E1D576878005701FF /* httpConnection.swift in Sources */ = {isa = PBXBuildFile; fileRef = 76F9F41D1D576878005701FF /* httpConnection.swift */; };
		76F9F4201D5769FA005701FF /* serializer.swift in Sources */ = {isa = PBXBuildFile; fileRef = 76F9F41F1D5769FA005701FF /* serializer.swift */; };
		76FA38291D64D04F0085C582 /* connectionPool.swift in Sources */ = {isa = PBXBuildFile; fileRef = 76FA38281D64D04F0085C582 /* connectionPool.swift */; };
/* End PBXBuildFile section */

/* Begin PBXCopyFilesBuildPhase section */
		76F9F4091D572D6D005701FF /* CopyFiles */ = {
			isa = PBXCopyFilesBuildPhase;
			buildActionMask = 2147483647;
			dstPath = /usr/share/man/man1/;
			dstSubfolderSpec = 0;
			files = (
			);
			runOnlyForDeploymentPostprocessing = 1;
		};
/* End PBXCopyFilesBuildPhase section */

/* Begin PBXFileReference section */
		7682570E1D6775A1001BB570 /* apiClient.swift */ = {isa = PBXFileReference; fileEncoding = 4; lastKnownFileType = sourcecode.swift; path = apiClient.swift; sourceTree = "<group>"; };
		76F9F40B1D572D6D005701FF /* elasticsearch */ = {isa = PBXFileReference; explicitFileType = "compiled.mach-o.executable"; includeInIndex = 0; path = elasticsearch; sourceTree = BUILT_PRODUCTS_DIR; };
		76F9F40E1D572D6D005701FF /* main.swift */ = {isa = PBXFileReference; lastKnownFileType = sourcecode.swift; path = main.swift; sourceTree = "<group>"; };
		76F9F4151D572D9E005701FF /* extensions.swift */ = {isa = PBXFileReference; fileEncoding = 4; lastKnownFileType = sourcecode.swift; path = extensions.swift; sourceTree = "<group>"; };
		76F9F4161D572D9E005701FF /* elasticsearch.swift */ = {isa = PBXFileReference; fileEncoding = 4; lastKnownFileType = sourcecode.swift; path = elasticsearch.swift; sourceTree = "<group>"; };
		76F9F4171D572D9E005701FF /* utility.swift */ = {isa = PBXFileReference; fileEncoding = 4; lastKnownFileType = sourcecode.swift; path = utility.swift; sourceTree = "<group>"; };
		76F9F4181D572D9E005701FF /* transport.swift */ = {isa = PBXFileReference; fileEncoding = 4; lastKnownFileType = sourcecode.swift; path = transport.swift; sourceTree = "<group>"; };
		76F9F41D1D576878005701FF /* httpConnection.swift */ = {isa = PBXFileReference; fileEncoding = 4; lastKnownFileType = sourcecode.swift; path = httpConnection.swift; sourceTree = "<group>"; };
		76F9F41F1D5769FA005701FF /* serializer.swift */ = {isa = PBXFileReference; fileEncoding = 4; lastKnownFileType = sourcecode.swift; path = serializer.swift; sourceTree = "<group>"; };
		76FA38281D64D04F0085C582 /* connectionPool.swift */ = {isa = PBXFileReference; fileEncoding = 4; lastKnownFileType = sourcecode.swift; path = connectionPool.swift; sourceTree = "<group>"; };
/* End PBXFileReference section */

/* Begin PBXFrameworksBuildPhase section */
		76F9F4081D572D6D005701FF /* Frameworks */ = {
			isa = PBXFrameworksBuildPhase;
			buildActionMask = 2147483647;
			files = (
			);
			runOnlyForDeploymentPostprocessing = 0;
		};
/* End PBXFrameworksBuildPhase section */

/* Begin PBXGroup section */
		76F9F4021D572D6D005701FF = {
			isa = PBXGroup;
			children = (
				76F9F40D1D572D6D005701FF /* elasticsearch */,
				76F9F40C1D572D6D005701FF /* Products */,
			);
			sourceTree = "<group>";
		};
		76F9F40C1D572D6D005701FF /* Products */ = {
			isa = PBXGroup;
			children = (
				76F9F40B1D572D6D005701FF /* elasticsearch */,
			);
			name = Products;
			sourceTree = "<group>";
		};
		76F9F40D1D572D6D005701FF /* elasticsearch */ = {
			isa = PBXGroup;
			children = (
				76F9F4151D572D9E005701FF /* extensions.swift */,
				76F9F4161D572D9E005701FF /* elasticsearch.swift */,
				76F9F41F1D5769FA005701FF /* serializer.swift */,
				76F9F4171D572D9E005701FF /* utility.swift */,
				76F9F4181D572D9E005701FF /* transport.swift */,
				7682570E1D6775A1001BB570 /* apiClient.swift */,
				76F9F41D1D576878005701FF /* httpConnection.swift */,
				76F9F40E1D572D6D005701FF /* main.swift */,
				76FA38281D64D04F0085C582 /* connectionPool.swift */,
			);
			path = elasticsearch;
			sourceTree = "<group>";
		};
/* End PBXGroup section */

/* Begin PBXNativeTarget section */
		76F9F40A1D572D6D005701FF /* elasticsearch */ = {
			isa = PBXNativeTarget;
			buildConfigurationList = 76F9F4121D572D6D005701FF /* Build configuration list for PBXNativeTarget "elasticsearch" */;
			buildPhases = (
				76F9F4071D572D6D005701FF /* Sources */,
				76F9F4081D572D6D005701FF /* Frameworks */,
				76F9F4091D572D6D005701FF /* CopyFiles */,
			);
			buildRules = (
			);
			dependencies = (
			);
			name = elasticsearch;
			productName = elasticsearch;
			productReference = 76F9F40B1D572D6D005701FF /* elasticsearch */;
			productType = "com.apple.product-type.tool";
		};
/* End PBXNativeTarget section */

/* Begin PBXProject section */
		76F9F4031D572D6D005701FF /* Project object */ = {
			isa = PBXProject;
			attributes = {
				LastSwiftUpdateCheck = 0800;
				LastUpgradeCheck = 0800;
				ORGANIZATIONNAME = "Dharmendra Verma";
				TargetAttributes = {
					76F9F40A1D572D6D005701FF = {
						CreatedOnToolsVersion = 8.0;
						DevelopmentTeam = TSSN767XUB;
						DevelopmentTeamName = "Dharmendra Kumar Verma";
						LastSwiftMigration = 0800;
						ProvisioningStyle = Automatic;
					};
				};
			};
			buildConfigurationList = 76F9F4061D572D6D005701FF /* Build configuration list for PBXProject "elasticsearch" */;
			compatibilityVersion = "Xcode 3.2";
			developmentRegion = English;
			hasScannedForEncodings = 0;
			knownRegions = (
				en,
			);
			mainGroup = 76F9F4021D572D6D005701FF;
			productRefGroup = 76F9F40C1D572D6D005701FF /* Products */;
			projectDirPath = "";
			projectRoot = "";
			targets = (
				76F9F40A1D572D6D005701FF /* elasticsearch */,
			);
		};
/* End PBXProject section */

/* Begin PBXSourcesBuildPhase section */
		76F9F4071D572D6D005701FF /* Sources */ = {
			isa = PBXSourcesBuildPhase;
			buildActionMask = 2147483647;
			files = (
				76F9F4201D5769FA005701FF /* serializer.swift in Sources */,
				76FA38291D64D04F0085C582 /* connectionPool.swift in Sources */,
				76F9F41C1D572D9E005701FF /* transport.swift in Sources */,
				76F9F41B1D572D9E005701FF /* utility.swift in Sources */,
				76F9F40F1D572D6D005701FF /* main.swift in Sources */,
				7682570F1D6775A1001BB570 /* apiClient.swift in Sources */,
				76F9F41A1D572D9E005701FF /* elasticsearch.swift in Sources */,
				76F9F4191D572D9E005701FF /* extensions.swift in Sources */,
				76F9F41E1D576878005701FF /* httpConnection.swift in Sources */,
			);
			runOnlyForDeploymentPostprocessing = 0;
		};
/* End PBXSourcesBuildPhase section */

/* Begin XCBuildConfiguration section */
		76F9F4101D572D6D005701FF /* Debug */ = {
			isa = XCBuildConfiguration;
			buildSettings = {
				ALWAYS_SEARCH_USER_PATHS = NO;
				CLANG_ANALYZER_NONNULL = YES;
				CLANG_CXX_LANGUAGE_STANDARD = "gnu++0x";
				CLANG_CXX_LIBRARY = "libc++";
				CLANG_ENABLE_MODULES = YES;
				CLANG_ENABLE_OBJC_ARC = YES;
				CLANG_WARN_BOOL_CONVERSION = YES;
				CLANG_WARN_CONSTANT_CONVERSION = YES;
				CLANG_WARN_DIRECT_OBJC_ISA_USAGE = YES_ERROR;
				CLANG_WARN_DOCUMENTATION_COMMENTS = YES;
				CLANG_WARN_EMPTY_BODY = YES;
				CLANG_WARN_ENUM_CONVERSION = YES;
				CLANG_WARN_INT_CONVERSION = YES;
				CLANG_WARN_OBJC_ROOT_CLASS = YES_ERROR;
				CLANG_WARN_UNREACHABLE_CODE = YES;
				CLANG_WARN__DUPLICATE_METHOD_MATCH = YES;
				CODE_SIGN_IDENTITY = "-";
				COPY_PHASE_STRIP = NO;
				DEBUG_INFORMATION_FORMAT = dwarf;
				ENABLE_STRICT_OBJC_MSGSEND = YES;
				ENABLE_TESTABILITY = YES;
				GCC_C_LANGUAGE_STANDARD = gnu99;
				GCC_DYNAMIC_NO_PIC = NO;
				GCC_NO_COMMON_BLOCKS = YES;
				GCC_OPTIMIZATION_LEVEL = 0;
				GCC_PREPROCESSOR_DEFINITIONS = (
					"DEBUG=1",
					"$(inherited)",
				);
				GCC_WARN_64_TO_32_BIT_CONVERSION = YES;
				GCC_WARN_ABOUT_RETURN_TYPE = YES_ERROR;
				GCC_WARN_UNDECLARED_SELECTOR = YES;
				GCC_WARN_UNINITIALIZED_AUTOS = YES_AGGRESSIVE;
				GCC_WARN_UNUSED_FUNCTION = YES;
				GCC_WARN_UNUSED_VARIABLE = YES;
				MACOSX_DEPLOYMENT_TARGET = 10.11;
				MTL_ENABLE_DEBUG_INFO = YES;
				ONLY_ACTIVE_ARCH = YES;
				SDKROOT = macosx;
				SWIFT_OPTIMIZATION_LEVEL = "-Onone";
			};
			name = Debug;
		};
		76F9F4111D572D6D005701FF /* Release */ = {
			isa = XCBuildConfiguration;
			buildSettings = {
				ALWAYS_SEARCH_USER_PATHS = NO;
				CLANG_ANALYZER_NONNULL = YES;
				CLANG_CXX_LANGUAGE_STANDARD = "gnu++0x";
				CLANG_CXX_LIBRARY = "libc++";
				CLANG_ENABLE_MODULES = YES;
				CLANG_ENABLE_OBJC_ARC = YES;
				CLANG_WARN_BOOL_CONVERSION = YES;
				CLANG_WARN_CONSTANT_CONVERSION = YES;
				CLANG_WARN_DIRECT_OBJC_ISA_USAGE = YES_ERROR;
				CLANG_WARN_DOCUMENTATION_COMMENTS = YES;
				CLANG_WARN_EMPTY_BODY = YES;
				CLANG_WARN_ENUM_CONVERSION = YES;
				CLANG_WARN_INT_CONVERSION = YES;
				CLANG_WARN_OBJC_ROOT_CLASS = YES_ERROR;
				CLANG_WARN_UNREACHABLE_CODE = YES;
				CLANG_WARN__DUPLICATE_METHOD_MATCH = YES;
				CODE_SIGN_IDENTITY = "-";
				COPY_PHASE_STRIP = NO;
				DEBUG_INFORMATION_FORMAT = "dwarf-with-dsym";
				ENABLE_NS_ASSERTIONS = NO;
				ENABLE_STRICT_OBJC_MSGSEND = YES;
				GCC_C_LANGUAGE_STANDARD = gnu99;
				GCC_NO_COMMON_BLOCKS = YES;
				GCC_WARN_64_TO_32_BIT_CONVERSION = YES;
				GCC_WARN_ABOUT_RETURN_TYPE = YES_ERROR;
				GCC_WARN_UNDECLARED_SELECTOR = YES;
				GCC_WARN_UNINITIALIZED_AUTOS = YES_AGGRESSIVE;
				GCC_WARN_UNUSED_FUNCTION = YES;
				GCC_WARN_UNUSED_VARIABLE = YES;
				MACOSX_DEPLOYMENT_TARGET = 10.11;
				MTL_ENABLE_DEBUG_INFO = NO;
				SDKROOT = macosx;
			};
			name = Release;
		};
		76F9F4131D572D6D005701FF /* Debug */ = {
			isa = XCBuildConfiguration;
			buildSettings = {
				PRODUCT_NAME = "$(TARGET_NAME)";
				SWIFT_VERSION = 3.0;
			};
			name = Debug;
		};
		76F9F4141D572D6D005701FF /* Release */ = {
			isa = XCBuildConfiguration;
			buildSettings = {
				PRODUCT_NAME = "$(TARGET_NAME)";
				SWIFT_VERSION = 3.0;
			};
			name = Release;
		};
/* End XCBuildConfiguration section */

/* Begin XCConfigurationList section */
		76F9F4061D572D6D005701FF /* Build configuration list for PBXProject "elasticsearch" */ = {
			isa = XCConfigurationList;
			buildConfigurations = (
				76F9F4101D572D6D005701FF /* Debug */,
				76F9F4111D572D6D005701FF /* Release */,
			);
			defaultConfigurationIsVisible = 0;
			defaultConfigurationName = Release;
		};
		76F9F4121D572D6D005701FF /* Build configuration list for PBXNativeTarget "elasticsearch" */ = {
			isa = XCConfigurationList;
			buildConfigurations = (
				76F9F4131D572D6D005701FF /* Debug */,
				76F9F4141D572D6D005701FF /* Release */,
			);
			defaultConfigurationIsVisible = 0;
			defaultConfigurationName = Release;
		};
/* End XCConfigurationList section */
	};
	rootObject = 76F9F4031D572D6D005701FF /* Project object */;
}
